
Microsoft Visual Studio Solution File, Format Version 12.00
# Visual Studio Version 16
VisualStudioVersion = 16.0.28902.138
MinimumVisualStudioVersion = 10.0.40219.1
Project("{FAE04EC0-301F-11D3-BF4B-00C04F79EFBC}") = "SAT solver", "SAT solver\SAT solver.csproj", "{4C55DEF1-2BEF-4AB3-AB83-457BD7BC955C}"
EndProject
Project("{FAE04EC0-301F-11D3-BF4B-00C04F79EFBC}") = "SAT solver benchmark", "SAT solver benchmark\SAT solver benchmark.csproj", "{A9829D28-0FB1-4EA2-8B9E-600A9A7C7C83}"
EndProject
Global
	GlobalSection(SolutionConfigurationPlatforms) = preSolution
		Debug|Any CPU = Debug|Any CPU
		Release|Any CPU = Release|Any CPU
	EndGlobalSection
	GlobalSection(ProjectConfigurationPlatforms) = postSolution
		{4C55DEF1-2BEF-4AB3-AB83-457BD7BC955C}.Debug|Any CPU.ActiveCfg = Debug|Any CPU
		{4C55DEF1-2BEF-4AB3-AB83-457BD7BC955C}.Debug|Any CPU.Build.0 = Debug|Any CPU
		{4C55DEF1-2BEF-4AB3-AB83-457BD7BC955C}.Release|Any CPU.ActiveCfg = Release|Any CPU
		{4C55DEF1-2BEF-4AB3-AB83-457BD7BC955C}.Release|Any CPU.Build.0 = Release|Any CPU
		{A9829D28-0FB1-4EA2-8B9E-600A9A7C7C83}.Debug|Any CPU.ActiveCfg = Debug|Any CPU
		{A9829D28-0FB1-4EA2-8B9E-600A9A7C7C83}.Debug|Any CPU.Build.0 = Debug|Any CPU
		{A9829D28-0FB1-4EA2-8B9E-600A9A7C7C83}.Release|Any CPU.ActiveCfg = Release|Any CPU
		{A9829D28-0FB1-4EA2-8B9E-600A9A7C7C83}.Release|Any CPU.Build.0 = Release|Any CPU
	EndGlobalSection
	GlobalSection(SolutionProperties) = preSolution
		HideSolutionNode = FALSE
	EndGlobalSection
	GlobalSection(ExtensibilityGlobals) = postSolution
		SolutionGuid = {779C7FDA-07A8-419B-BC19-542A45DAF7CA}
	EndGlobalSection
EndGlobal
